PODS:
  - Flutter (1.0.0)
  - integration_test (0.0.1):
    - Flutter
  - supy_scanner (0.1.0):
    - Flutter

DEPENDENCIES:
  - Flutter (from `Flutter`)
  - integration_test (from `.symlinks/plugins/integration_test/ios`)
  - supy_scanner (from `.symlinks/plugins/supy_scanner/ios`)

EXTERNAL SOURCES:
  Flutter:
    :path: Flutter
  integration_test:
    :path: ".symlinks/plugins/integration_test/ios"
  supy_scanner:
    :path: ".symlinks/plugins/supy_scanner/ios"

SPEC CHECKSUMS:
  Flutter: cabc95a1d2626b1b06e7179b784ebcf0c0cde467
  integration_test: 252f60fa39af5e17c3aa9899d35d908a0721b573
  supy_scanner: b91dd68062e83cc703acf2459c369ca9df143b7e

PODFILE CHECKSUM: 48faf9190018408972f3838df53e8a737a51d7c8

COCOAPODS: 1.16.2
